
Microsoft Visual Studio Solution File, Format Version 12.00
# Visual Studio Version 16
VisualStudioVersion = 16.0.29306.81
MinimumVisualStudioVersion = 10.0.40219.1
Project("{FAE04EC0-301F-11D3-BF4B-00C04F79EFBC}") = "DelveWalls", "DelveWalls.csproj", "{61BD0E34-7F45-42C8-8780-4B878C148650}"
EndProject
Global
	GlobalSection(SolutionConfigurationPlatforms) = preSolution
		Debug|Any CPU = Debug|Any CPU
		Release|Any CPU = Release|Any CPU
	EndGlobalSection
	GlobalSection(ProjectConfigurationPlatforms) = postSolution
		{61BD0E34-7F45-42C8-8780-4B878C148650}.Debug|Any CPU.ActiveCfg = Debug|Any CPU
		{61BD0E34-7F45-42C8-8780-4B878C148650}.Debug|Any CPU.Build.0 = Debug|Any CPU
		{61BD0E34-7F45-42C8-8780-4B878C148650}.Release|Any CPU.ActiveCfg = Release|Any CPU
		{61BD0E34-7F45-42C8-8780-4B878C148650}.Release|Any CPU.Build.0 = Release|Any CPU
	EndGlobalSection
	GlobalSection(SolutionProperties) = preSolution
		HideSolutionNode = FALSE
	EndGlobalSection
	GlobalSection(ExtensibilityGlobals) = postSolution
		SolutionGuid = {529BFA77-C29B-473F-9579-333A73DC2388}
	EndGlobalSection
EndGlobal
